// !$*UTF8*$!
{
	archiveVersion = 1;
	classes = {
	};
	objectVersion = 56;
	objects = {

/* Begin PBXBuildFile section */
		1A26B6FC2B6FDAE7004F3AB7 /* BookmarkRow.swift in Sources */ = {isa = PBXBuildFile; fileRef = 1A26B6FB2B6FDAE7004F3AB7 /* BookmarkRow.swift */; };
		1A3EFEF32B52CE5D0000FE0F /* EntertainmentApp.swift in Sources */ = {isa = PBXBuildFile; fileRef = 1A3EFEF22B52CE5D0000FE0F /* EntertainmentApp.swift */; };
		1A3EFEF52B52CE5D0000FE0F /* TabbedView.swift in Sources */ = {isa = PBXBuildFile; fileRef = 1A3EFEF42B52CE5D0000FE0F /* TabbedView.swift */; };
		1A3EFEF72B52CE5E0000FE0F /* Assets.xcassets in Resources */ = {isa = PBXBuildFile; fileRef = 1A3EFEF62B52CE5E0000FE0F /* Assets.xcassets */; };
		1A3EFEFA2B52CE5E0000FE0F /* Preview Assets.xcassets in Resources */ = {isa = PBXBuildFile; fileRef = 1A3EFEF92B52CE5E0000FE0F /* Preview Assets.xcassets */; };
		1A3EFF012B52D1620000FE0F /* data.json in Resources */ = {isa = PBXBuildFile; fileRef = 1A3EFF002B52D1620000FE0F /* data.json */; };
		1A3EFF052B52D2380000FE0F /* Tab.swift in Sources */ = {isa = PBXBuildFile; fileRef = 1A3EFF042B52D2380000FE0F /* Tab.swift */; };
		1A3EFF072B52D40B0000FE0F /* HomeView.swift in Sources */ = {isa = PBXBuildFile; fileRef = 1A3EFF062B52D40B0000FE0F /* HomeView.swift */; };
		1A3EFF092B52D4140000FE0F /* EntertainmentView.swift in Sources */ = {isa = PBXBuildFile; fileRef = 1A3EFF082B52D4140000FE0F /* EntertainmentView.swift */; };
		1A3EFF0B2B52D4210000FE0F /* BookmarkView.swift in Sources */ = {isa = PBXBuildFile; fileRef = 1A3EFF0A2B52D4210000FE0F /* BookmarkView.swift */; };
		1A3EFF0D2B52D6470000FE0F /* Entertainment.swift in Sources */ = {isa = PBXBuildFile; fileRef = 1A3EFF0C2B52D6470000FE0F /* Entertainment.swift */; };
		1A3EFF102B52D6F50000FE0F /* EntertainmentContainer.swift in Sources */ = {isa = PBXBuildFile; fileRef = 1A3EFF0F2B52D6F50000FE0F /* EntertainmentContainer.swift */; };
		1A3EFF122B52D7D10000FE0F /* EntertainmentResponse.swift in Sources */ = {isa = PBXBuildFile; fileRef = 1A3EFF112B52D7D10000FE0F /* EntertainmentResponse.swift */; };
		1A4CEC412B540651009DCA09 /* TrendingView.swift in Sources */ = {isa = PBXBuildFile; fileRef = 1A4CEC402B540651009DCA09 /* TrendingView.swift */; };
		1A4CEC452B5417A1009DCA09 /* PagingIndicator.swift in Sources */ = {isa = PBXBuildFile; fileRef = 1A4CEC442B5417A1009DCA09 /* PagingIndicator.swift */; };
		1A4CEC472B5426D9009DCA09 /* Picture.swift in Sources */ = {isa = PBXBuildFile; fileRef = 1A4CEC462B5426D9009DCA09 /* Picture.swift */; };
		1A4CEC4D2B543BDC009DCA09 /* Theme.swift in Sources */ = {isa = PBXBuildFile; fileRef = 1A4CEC4C2B543BDC009DCA09 /* Theme.swift */; };
		1A6AE7E02B714BDC006A73D4 /* HomeRowView.swift in Sources */ = {isa = PBXBuildFile; fileRef = 1A6AE7DF2B714BDC006A73D4 /* HomeRowView.swift */; };
		1A6C4D8A2B581165003EBF19 /* EntertainmentListView.swift in Sources */ = {isa = PBXBuildFile; fileRef = 1A6C4D892B581165003EBF19 /* EntertainmentListView.swift */; };
		1A6C4D8C2B581E78003EBF19 /* Bookmark.swift in Sources */ = {isa = PBXBuildFile; fileRef = 1A6C4D8B2B581E78003EBF19 /* Bookmark.swift */; };
		1A6C4D922B582722003EBF19 /* EntertainmentRowView.swift in Sources */ = {isa = PBXBuildFile; fileRef = 1A6C4D912B582722003EBF19 /* EntertainmentRowView.swift */; };
		1A6C4D962B582F14003EBF19 /* EntertainmentIcon.swift in Sources */ = {isa = PBXBuildFile; fileRef = 1A6C4D952B582F14003EBF19 /* EntertainmentIcon.swift */; };
		1A6C4D992B583CD2003EBF19 /* PreviewContainerBookmark.swift in Sources */ = {isa = PBXBuildFile; fileRef = 1A6C4D982B583CD2003EBF19 /* PreviewContainerBookmark.swift */; };
		1ACC9BB52B5C37FF005B5189 /* PreviewContainerEntertainment.swift in Sources */ = {isa = PBXBuildFile; fileRef = 1ACC9BB42B5C37FF005B5189 /* PreviewContainerEntertainment.swift */; };
		1ACD6DCD2B62DDDB0054DC3B /* FilmCategoryView.swift in Sources */ = {isa = PBXBuildFile; fileRef = 1ACD6DCC2B62DDDB0054DC3B /* FilmCategoryView.swift */; };
/* End PBXBuildFile section */

/* Begin PBXFileReference section */
		1A26B6FB2B6FDAE7004F3AB7 /* BookmarkRow.swift */ = {isa = PBXFileReference; lastKnownFileType = sourcecode.swift; path = BookmarkRow.swift; sourceTree = "<group>"; };
		1A3EFEEF2B52CE5D0000FE0F /* Entertainment.app */ = {isa = PBXFileReference; explicitFileType = wrapper.application; includeInIndex = 0; path = Entertainment.app; sourceTree = BUILT_PRODUCTS_DIR; };
		1A3EFEF22B52CE5D0000FE0F /* EntertainmentApp.swift */ = {isa = PBXFileReference; lastKnownFileType = sourcecode.swift; path = EntertainmentApp.swift; sourceTree = "<group>"; };
		1A3EFEF42B52CE5D0000FE0F /* TabbedView.swift */ = {isa = PBXFileReference; lastKnownFileType = sourcecode.swift; path = TabbedView.swift; sourceTree = "<group>"; };
		1A3EFEF62B52CE5E0000FE0F /* Assets.xcassets */ = {isa = PBXFileReference; lastKnownFileType = folder.assetcatalog; path = Assets.xcassets; sourceTree = "<group>"; };
		1A3EFEF92B52CE5E0000FE0F /* Preview Assets.xcassets */ = {isa = PBXFileReference; lastKnownFileType = folder.assetcatalog; path = "Preview Assets.xcassets"; sourceTree = "<group>"; };
		1A3EFF002B52D1620000FE0F /* data.json */ = {isa = PBXFileReference; fileEncoding = 4; lastKnownFileType = text.json; path = data.json; sourceTree = "<group>"; };
		1A3EFF042B52D2380000FE0F /* Tab.swift */ = {isa = PBXFileReference; lastKnownFileType = sourcecode.swift; path = Tab.swift; sourceTree = "<group>"; };
		1A3EFF062B52D40B0000FE0F /* HomeView.swift */ = {isa = PBXFileReference; lastKnownFileType = sourcecode.swift; path = HomeView.swift; sourceTree = "<group>"; };
		1A3EFF082B52D4140000FE0F /* EntertainmentView.swift */ = {isa = PBXFileReference; lastKnownFileType = sourcecode.swift; path = EntertainmentView.swift; sourceTree = "<group>"; };
		1A3EFF0A2B52D4210000FE0F /* BookmarkView.swift */ = {isa = PBXFileReference; lastKnownFileType = sourcecode.swift; path = BookmarkView.swift; sourceTree = "<group>"; };
		1A3EFF0C2B52D6470000FE0F /* Entertainment.swift */ = {isa = PBXFileReference; lastKnownFileType = sourcecode.swift; path = Entertainment.swift; sourceTree = "<group>"; };
		1A3EFF0F2B52D6F50000FE0F /* EntertainmentContainer.swift */ = {isa = PBXFileReference; lastKnownFileType = sourcecode.swift; path = EntertainmentContainer.swift; sourceTree = "<group>"; };
		1A3EFF112B52D7D10000FE0F /* EntertainmentResponse.swift */ = {isa = PBXFileReference; lastKnownFileType = sourcecode.swift; path = EntertainmentResponse.swift; sourceTree = "<group>"; };
		1A4CEC402B540651009DCA09 /* TrendingView.swift */ = {isa = PBXFileReference; lastKnownFileType = sourcecode.swift; path = TrendingView.swift; sourceTree = "<group>"; };
		1A4CEC442B5417A1009DCA09 /* PagingIndicator.swift */ = {isa = PBXFileReference; lastKnownFileType = sourcecode.swift; path = PagingIndicator.swift; sourceTree = "<group>"; };
		1A4CEC462B5426D9009DCA09 /* Picture.swift */ = {isa = PBXFileReference; lastKnownFileType = sourcecode.swift; path = Picture.swift; sourceTree = "<group>"; };
		1A4CEC4C2B543BDC009DCA09 /* Theme.swift */ = {isa = PBXFileReference; lastKnownFileType = sourcecode.swift; path = Theme.swift; sourceTree = "<group>"; };
		1A6AE7DF2B714BDC006A73D4 /* HomeRowView.swift */ = {isa = PBXFileReference; lastKnownFileType = sourcecode.swift; path = HomeRowView.swift; sourceTree = "<group>"; };
		1A6C4D892B581165003EBF19 /* EntertainmentListView.swift */ = {isa = PBXFileReference; lastKnownFileType = sourcecode.swift; path = EntertainmentListView.swift; sourceTree = "<group>"; };
		1A6C4D8B2B581E78003EBF19 /* Bookmark.swift */ = {isa = PBXFileReference; lastKnownFileType = sourcecode.swift; path = Bookmark.swift; sourceTree = "<group>"; };
		1A6C4D912B582722003EBF19 /* EntertainmentRowView.swift */ = {isa = PBXFileReference; lastKnownFileType = sourcecode.swift; path = EntertainmentRowView.swift; sourceTree = "<group>"; };
		1A6C4D952B582F14003EBF19 /* EntertainmentIcon.swift */ = {isa = PBXFileReference; lastKnownFileType = sourcecode.swift; path = EntertainmentIcon.swift; sourceTree = "<group>"; };
		1A6C4D982B583CD2003EBF19 /* PreviewContainerBookmark.swift */ = {isa = PBXFileReference; lastKnownFileType = sourcecode.swift; path = PreviewContainerBookmark.swift; sourceTree = "<group>"; };
		1ACC9BB42B5C37FF005B5189 /* PreviewContainerEntertainment.swift */ = {isa = PBXFileReference; lastKnownFileType = sourcecode.swift; path = PreviewContainerEntertainment.swift; sourceTree = "<group>"; };
		1ACD6DCC2B62DDDB0054DC3B /* FilmCategoryView.swift */ = {isa = PBXFileReference; lastKnownFileType = sourcecode.swift; path = FilmCategoryView.swift; sourceTree = "<group>"; };
/* End PBXFileReference section */

/* Begin PBXFrameworksBuildPhase section */
		1A3EFEEC2B52CE5D0000FE0F /* Frameworks */ = {
			isa = PBXFrameworksBuildPhase;
			buildActionMask = 2147483647;
			files = (
			);
			runOnlyForDeploymentPostprocessing = 0;
		};
/* End PBXFrameworksBuildPhase section */

/* Begin PBXGroup section */
		1A3ED7B12B5D792E009DFA05 /* Subviews */ = {
			isa = PBXGroup;
			children = (
				1A26B6FB2B6FDAE7004F3AB7 /* BookmarkRow.swift */,
			);
			path = Subviews;
			sourceTree = "<group>";
		};
		1A3EFEE62B52CE5D0000FE0F = {
			isa = PBXGroup;
			children = (
				1A3EFEF12B52CE5D0000FE0F /* Entertainment */,
				1A3EFEF02B52CE5D0000FE0F /* Products */,
			);
			sourceTree = "<group>";
		};
		1A3EFEF02B52CE5D0000FE0F /* Products */ = {
			isa = PBXGroup;
			children = (
				1A3EFEEF2B52CE5D0000FE0F /* Entertainment.app */,
			);
			name = Products;
			sourceTree = "<group>";
		};
		1A3EFEF12B52CE5D0000FE0F /* Entertainment */ = {
			isa = PBXGroup;
			children = (
				1A3EFEF22B52CE5D0000FE0F /* EntertainmentApp.swift */,
				1A6C4D972B583CC2003EBF19 /* Preview */,
				1A3EFF142B52E08E0000FE0F /* Enum */,
				1A3EFF132B52E0750000FE0F /* Views */,
				1A3EFF0E2B52D64B0000FE0F /* Model */,
				1A3EFF022B52D16A0000FE0F /* JSON */,
				1A3EFEF62B52CE5E0000FE0F /* Assets.xcassets */,
				1A3EFEF82B52CE5E0000FE0F /* Preview Content */,
			);
			path = Entertainment;
			sourceTree = "<group>";
		};
		1A3EFEF82B52CE5E0000FE0F /* Preview Content */ = {
			isa = PBXGroup;
			children = (
				1A3EFEF92B52CE5E0000FE0F /* Preview Assets.xcassets */,
			);
			path = "Preview Content";
			sourceTree = "<group>";
		};
		1A3EFF022B52D16A0000FE0F /* JSON */ = {
			isa = PBXGroup;
			children = (
				1A3EFF002B52D1620000FE0F /* data.json */,
				1A3EFF0F2B52D6F50000FE0F /* EntertainmentContainer.swift */,
				1A3EFF112B52D7D10000FE0F /* EntertainmentResponse.swift */,
			);
			path = JSON;
			sourceTree = "<group>";
		};
		1A3EFF0E2B52D64B0000FE0F /* Model */ = {
			isa = PBXGroup;
			children = (
				1A3EFF0C2B52D6470000FE0F /* Entertainment.swift */,
				1A6C4D8B2B581E78003EBF19 /* Bookmark.swift */,
			);
			path = Model;
			sourceTree = "<group>";
		};
		1A3EFF132B52E0750000FE0F /* Views */ = {
			isa = PBXGroup;
			children = (
				1A3EFEF42B52CE5D0000FE0F /* TabbedView.swift */,
				1A6C4D8E2B582334003EBF19 /* Home */,
				1A6C4D8D2B58232C003EBF19 /* Entertainment */,
				1A6C4D8F2B582382003EBF19 /* Bookmark */,
			);
			path = Views;
			sourceTree = "<group>";
		};
		1A3EFF142B52E08E0000FE0F /* Enum */ = {
			isa = PBXGroup;
			children = (
				1A3EFF042B52D2380000FE0F /* Tab.swift */,
				1A4CEC462B5426D9009DCA09 /* Picture.swift */,
				1A4CEC4C2B543BDC009DCA09 /* Theme.swift */,
			);
			path = Enum;
			sourceTree = "<group>";
		};
		1A4CEC432B54156F009DCA09 /* Subviews */ = {
			isa = PBXGroup;
			children = (
				1A4CEC442B5417A1009DCA09 /* PagingIndicator.swift */,
				1A4CEC402B540651009DCA09 /* TrendingView.swift */,
			);
			path = Subviews;
			sourceTree = "<group>";
		};
		1A6C4D8D2B58232C003EBF19 /* Entertainment */ = {
			isa = PBXGroup;
			children = (
				1A3EFF082B52D4140000FE0F /* EntertainmentView.swift */,
				1A6C4D892B581165003EBF19 /* EntertainmentListView.swift */,
				1A6C4D902B582711003EBF19 /* Subviews */,
			);
			path = Entertainment;
			sourceTree = "<group>";
		};
		1A6C4D8E2B582334003EBF19 /* Home */ = {
			isa = PBXGroup;
			children = (
				1A3EFF062B52D40B0000FE0F /* HomeView.swift */,
				1A6AE7DF2B714BDC006A73D4 /* HomeRowView.swift */,
				1A6C4D912B582722003EBF19 /* EntertainmentRowView.swift */,
				1A4CEC432B54156F009DCA09 /* Subviews */,
			);
			path = Home;
			sourceTree = "<group>";
		};
		1A6C4D8F2B582382003EBF19 /* Bookmark */ = {
			isa = PBXGroup;
			children = (
				1A3ED7B12B5D792E009DFA05 /* Subviews */,
				1A3EFF0A2B52D4210000FE0F /* BookmarkView.swift */,
			);
			path = Bookmark;
			sourceTree = "<group>";
		};
		1A6C4D902B582711003EBF19 /* Subviews */ = {
			isa = PBXGroup;
			children = (
				1A6C4D952B582F14003EBF19 /* EntertainmentIcon.swift */,
				1ACD6DCC2B62DDDB0054DC3B /* FilmCategoryView.swift */,
			);
			path = Subviews;
			sourceTree = "<group>";
		};
		1A6C4D972B583CC2003EBF19 /* Preview */ = {
			isa = PBXGroup;
			children = (
				1A6C4D982B583CD2003EBF19 /* PreviewContainerBookmark.swift */,
				1ACC9BB42B5C37FF005B5189 /* PreviewContainerEntertainment.swift */,
			);
			path = Preview;
			sourceTree = "<group>";
		};
/* End PBXGroup section */

/* Begin PBXNativeTarget section */
		1A3EFEEE2B52CE5D0000FE0F /* Entertainment */ = {
			isa = PBXNativeTarget;
			buildConfigurationList = 1A3EFEFD2B52CE5E0000FE0F /* Build configuration list for PBXNativeTarget "Entertainment" */;
			buildPhases = (
				1A3EFEEB2B52CE5D0000FE0F /* Sources */,
				1A3EFEEC2B52CE5D0000FE0F /* Frameworks */,
				1A3EFEED2B52CE5D0000FE0F /* Resources */,
			);
			buildRules = (
			);
			dependencies = (
			);
			name = Entertainment;
			productName = Entertainment;
			productReference = 1A3EFEEF2B52CE5D0000FE0F /* Entertainment.app */;
			productType = "com.apple.product-type.application";
		};
/* End PBXNativeTarget section */

/* Begin PBXProject section */
		1A3EFEE72B52CE5D0000FE0F /* Project object */ = {
			isa = PBXProject;
			attributes = {
				BuildIndependentTargetsInParallel = 1;
				LastSwiftUpdateCheck = 1520;
				LastUpgradeCheck = 1520;
				TargetAttributes = {
					1A3EFEEE2B52CE5D0000FE0F = {
						CreatedOnToolsVersion = 15.2;
					};
				};
			};
			buildConfigurationList = 1A3EFEEA2B52CE5D0000FE0F /* Build configuration list for PBXProject "Entertainment" */;
			compatibilityVersion = "Xcode 14.0";
			developmentRegion = en;
			hasScannedForEncodings = 0;
			knownRegions = (
				en,
				Base,
			);
			mainGroup = 1A3EFEE62B52CE5D0000FE0F;
			productRefGroup = 1A3EFEF02B52CE5D0000FE0F /* Products */;
			projectDirPath = "";
			projectRoot = "";
			targets = (
				1A3EFEEE2B52CE5D0000FE0F /* Entertainment */,
			);
		};
/* End PBXProject section */

/* Begin PBXResourcesBuildPhase section */
		1A3EFEED2B52CE5D0000FE0F /* Resources */ = {
			isa = PBXResourcesBuildPhase;
			buildActionMask = 2147483647;
			files = (
				1A3EFEFA2B52CE5E0000FE0F /* Preview Assets.xcassets in Resources */,
				1A3EFF012B52D1620000FE0F /* data.json in Resources */,
				1A3EFEF72B52CE5E0000FE0F /* Assets.xcassets in Resources */,
			);
			runOnlyForDeploymentPostprocessing = 0;
		};
/* End PBXResourcesBuildPhase section */

/* Begin PBXSourcesBuildPhase section */
		1A3EFEEB2B52CE5D0000FE0F /* Sources */ = {
			isa = PBXSourcesBuildPhase;
			buildActionMask = 2147483647;
			files = (
				1A6C4D992B583CD2003EBF19 /* PreviewContainerBookmark.swift in Sources */,
				1ACC9BB52B5C37FF005B5189 /* PreviewContainerEntertainment.swift in Sources */,
				1A6C4D962B582F14003EBF19 /* EntertainmentIcon.swift in Sources */,
				1A4CEC472B5426D9009DCA09 /* Picture.swift in Sources */,
				1A3EFF102B52D6F50000FE0F /* EntertainmentContainer.swift in Sources */,
				1A26B6FC2B6FDAE7004F3AB7 /* BookmarkRow.swift in Sources */,
				1A3EFF0B2B52D4210000FE0F /* BookmarkView.swift in Sources */,
				1A3EFF052B52D2380000FE0F /* Tab.swift in Sources */,
				1A3EFF072B52D40B0000FE0F /* HomeView.swift in Sources */,
				1A6C4D8C2B581E78003EBF19 /* Bookmark.swift in Sources */,
				1A6AE7E02B714BDC006A73D4 /* HomeRowView.swift in Sources */,
				1A6C4D922B582722003EBF19 /* EntertainmentRowView.swift in Sources */,
				1A3EFEF52B52CE5D0000FE0F /* TabbedView.swift in Sources */,
				1A3EFF122B52D7D10000FE0F /* EntertainmentResponse.swift in Sources */,
				1A3EFF092B52D4140000FE0F /* EntertainmentView.swift in Sources */,
				1A3EFF0D2B52D6470000FE0F /* Entertainment.swift in Sources */,
				1ACD6DCD2B62DDDB0054DC3B /* FilmCategoryView.swift in Sources */,
				1A3EFEF32B52CE5D0000FE0F /* EntertainmentApp.swift in Sources */,
				1A4CEC412B540651009DCA09 /* TrendingView.swift in Sources */,
				1A4CEC452B5417A1009DCA09 /* PagingIndicator.swift in Sources */,
				1A4CEC4D2B543BDC009DCA09 /* Theme.swift in Sources */,
				1A6C4D8A2B581165003EBF19 /* EntertainmentListView.swift in Sources */,
			);
			runOnlyForDeploymentPostprocessing = 0;
		};
/* End PBXSourcesBuildPhase section */

/* Begin XCBuildConfiguration section */
		1A3EFEFB2B52CE5E0000FE0F /* Debug */ = {
			isa = XCBuildConfiguration;
			buildSettings = {
				ALWAYS_SEARCH_USER_PATHS = NO;
				ASSETCATALOG_COMPILER_GENERATE_SWIFT_ASSET_SYMBOL_EXTENSIONS = YES;
				CLANG_ANALYZER_NONNULL = YES;
				CLANG_ANALYZER_NUMBER_OBJECT_CONVERSION = YES_AGGRESSIVE;
				CLANG_CXX_LANGUAGE_STANDARD = "gnu++20";
				CLANG_ENABLE_MODULES = YES;
				CLANG_ENABLE_OBJC_ARC = YES;
				CLANG_ENABLE_OBJC_WEAK = YES;
				CLANG_WARN_BLOCK_CAPTURE_AUTORELEASING = YES;
				CLANG_WARN_BOOL_CONVERSION = YES;
				CLANG_WARN_COMMA = YES;
				CLANG_WARN_CONSTANT_CONVERSION = YES;
				CLANG_WARN_DEPRECATED_OBJC_IMPLEMENTATIONS = YES;
				CLANG_WARN_DIRECT_OBJC_ISA_USAGE = YES_ERROR;
				CLANG_WARN_DOCUMENTATION_COMMENTS = YES;
				CLANG_WARN_EMPTY_BODY = YES;
				CLANG_WARN_ENUM_CONVERSION = YES;
				CLANG_WARN_INFINITE_RECURSION = YES;
				CLANG_WARN_INT_CONVERSION = YES;
				CLANG_WARN_NON_LITERAL_NULL_CONVERSION = YES;
				CLANG_WARN_OBJC_IMPLICIT_RETAIN_SELF = YES;
				CLANG_WARN_OBJC_LITERAL_CONVERSION = YES;
				CLANG_WARN_OBJC_ROOT_CLASS = YES_ERROR;
				CLANG_WARN_QUOTED_INCLUDE_IN_FRAMEWORK_HEADER = YES;
				CLANG_WARN_RANGE_LOOP_ANALYSIS = YES;
				CLANG_WARN_STRICT_PROTOTYPES = YES;
				CLANG_WARN_SUSPICIOUS_MOVE = YES;
				CLANG_WARN_UNGUARDED_AVAILABILITY = YES_AGGRESSIVE;
				CLANG_WARN_UNREACHABLE_CODE = YES;
				CLANG_WARN__DUPLICATE_METHOD_MATCH = YES;
				COPY_PHASE_STRIP = NO;
				DEBUG_INFORMATION_FORMAT = dwarf;
				ENABLE_STRICT_OBJC_MSGSEND = YES;
				ENABLE_TESTABILITY = YES;
				ENABLE_USER_SCRIPT_SANDBOXING = YES;
				GCC_C_LANGUAGE_STANDARD = gnu17;
				GCC_DYNAMIC_NO_PIC = NO;
				GCC_NO_COMMON_BLOCKS = YES;
				GCC_OPTIMIZATION_LEVEL = 0;
				GCC_PREPROCESSOR_DEFINITIONS = (
					"DEBUG=1",
					"$(inherited)",
				);
				GCC_WARN_64_TO_32_BIT_CONVERSION = YES;
				GCC_WARN_ABOUT_RETURN_TYPE = YES_ERROR;
				GCC_WARN_UNDECLARED_SELECTOR = YES;
				GCC_WARN_UNINITIALIZED_AUTOS = YES_AGGRESSIVE;
				GCC_WARN_UNUSED_FUNCTION = YES;
				GCC_WARN_UNUSED_VARIABLE = YES;
				IPHONEOS_DEPLOYMENT_TARGET = 17.2;
				LOCALIZATION_PREFERS_STRING_CATALOGS = YES;
				MTL_ENABLE_DEBUG_INFO = INCLUDE_SOURCE;
				MTL_FAST_MATH = YES;
				ONLY_ACTIVE_ARCH = YES;
				SDKROOT = iphoneos;
				SWIFT_ACTIVE_COMPILATION_CONDITIONS = "DEBUG $(inherited)";
				SWIFT_OPTIMIZATION_LEVEL = "-Onone";
			};
			name = Debug;
		};
		1A3EFEFC2B52CE5E0000FE0F /* Release */ = {
			isa = XCBuildConfiguration;
			buildSettings = {
				ALWAYS_SEARCH_USER_PATHS = NO;
				ASSETCATALOG_COMPILER_GENERATE_SWIFT_ASSET_SYMBOL_EXTENSIONS = YES;
				CLANG_ANALYZER_NONNULL = YES;
				CLANG_ANALYZER_NUMBER_OBJECT_CONVERSION = YES_AGGRESSIVE;
				CLANG_CXX_LANGUAGE_STANDARD = "gnu++20";
				CLANG_ENABLE_MODULES = YES;
				CLANG_ENABLE_OBJC_ARC = YES;
				CLANG_ENABLE_OBJC_WEAK = YES;
				CLANG_WARN_BLOCK_CAPTURE_AUTORELEASING = YES;
				CLANG_WARN_BOOL_CONVERSION = YES;
				CLANG_WARN_COMMA = YES;
				CLANG_WARN_CONSTANT_CONVERSION = YES;
				CLANG_WARN_DEPRECATED_OBJC_IMPLEMENTATIONS = YES;
				CLANG_WARN_DIRECT_OBJC_ISA_USAGE = YES_ERROR;
				CLANG_WARN_DOCUMENTATION_COMMENTS = YES;
				CLANG_WARN_EMPTY_BODY = YES;
				CLANG_WARN_ENUM_CONVERSION = YES;
				CLANG_WARN_INFINITE_RECURSION = YES;
				CLANG_WARN_INT_CONVERSION = YES;
				CLANG_WARN_NON_LITERAL_NULL_CONVERSION = YES;
				CLANG_WARN_OBJC_IMPLICIT_RETAIN_SELF = YES;
				CLANG_WARN_OBJC_LITERAL_CONVERSION = YES;
				CLANG_WARN_OBJC_ROOT_CLASS = YES_ERROR;
				CLANG_WARN_QUOTED_INCLUDE_IN_FRAMEWORK_HEADER = YES;
				CLANG_WARN_RANGE_LOOP_ANALYSIS = YES;
				CLANG_WARN_STRICT_PROTOTYPES = YES;
				CLANG_WARN_SUSPICIOUS_MOVE = YES;
				CLANG_WARN_UNGUARDED_AVAILABILITY = YES_AGGRESSIVE;
				CLANG_WARN_UNREACHABLE_CODE = YES;
				CLANG_WARN__DUPLICATE_METHOD_MATCH = YES;
				COPY_PHASE_STRIP = NO;
				DEBUG_INFORMATION_FORMAT = "dwarf-with-dsym";
				ENABLE_NS_ASSERTIONS = NO;
				ENABLE_STRICT_OBJC_MSGSEND = YES;
				ENABLE_USER_SCRIPT_SANDBOXING = YES;
				GCC_C_LANGUAGE_STANDARD = gnu17;
				GCC_NO_COMMON_BLOCKS = YES;
				GCC_WARN_64_TO_32_BIT_CONVERSION = YES;
				GCC_WARN_ABOUT_RETURN_TYPE = YES_ERROR;
				GCC_WARN_UNDECLARED_SELECTOR = YES;
				GCC_WARN_UNINITIALIZED_AUTOS = YES_AGGRESSIVE;
				GCC_WARN_UNUSED_FUNCTION = YES;
				GCC_WARN_UNUSED_VARIABLE = YES;
				IPHONEOS_DEPLOYMENT_TARGET = 17.2;
				LOCALIZATION_PREFERS_STRING_CATALOGS = YES;
				MTL_ENABLE_DEBUG_INFO = NO;
				MTL_FAST_MATH = YES;
				SDKROOT = iphoneos;
				SWIFT_COMPILATION_MODE = wholemodule;
				VALIDATE_PRODUCT = YES;
			};
			name = Release;
		};
		1A3EFEFE2B52CE5E0000FE0F /* Debug */ = {
			isa = XCBuildConfiguration;
			buildSettings = {
				ASSETCATALOG_COMPILER_APPICON_NAME = AppIcon;
				ASSETCATALOG_COMPILER_GLOBAL_ACCENT_COLOR_NAME = AccentColor;
				CODE_SIGN_STYLE = Automatic;
				CURRENT_PROJECT_VERSION = 1;
				DEVELOPMENT_ASSET_PATHS = "\"Entertainment/Preview Content\"";
				ENABLE_PREVIEWS = YES;
				GENERATE_INFOPLIST_FILE = YES;
				INFOPLIST_KEY_UIApplicationSceneManifest_Generation = YES;
				INFOPLIST_KEY_UIApplicationSupportsIndirectInputEvents = YES;
				INFOPLIST_KEY_UILaunchScreen_Generation = YES;
				INFOPLIST_KEY_UISupportedInterfaceOrientations_iPad = "UIInterfaceOrientationPortrait UIInterfaceOrientationPortraitUpsideDown UIInterfaceOrientationLandscapeLeft UIInterfaceOrientationLandscapeRight";
				INFOPLIST_KEY_UISupportedInterfaceOrientations_iPhone = "UIInterfaceOrientationPortrait UIInterfaceOrientationLandscapeLeft UIInterfaceOrientationLandscapeRight";
				LD_RUNPATH_SEARCH_PATHS = (
					"$(inherited)",
					"@executable_path/Frameworks",
				);
				MARKETING_VERSION = 1.0;
				PRODUCT_BUNDLE_IDENTIFIER = JimHdev.Entertainment;
				PRODUCT_NAME = "$(TARGET_NAME)";
				SWIFT_EMIT_LOC_STRINGS = YES;
				SWIFT_VERSION = 5.0;
				TARGETED_DEVICE_FAMILY = "1,2";
			};
			name = Debug;
		};
		1A3EFEFF2B52CE5E0000FE0F /* Release */ = {
			isa = XCBuildConfiguration;
			buildSettings = {
				ASSETCATALOG_COMPILER_APPICON_NAME = AppIcon;
				ASSETCATALOG_COMPILER_GLOBAL_ACCENT_COLOR_NAME = AccentColor;
				CODE_SIGN_STYLE = Automatic;
				CURRENT_PROJECT_VERSION = 1;
				DEVELOPMENT_ASSET_PATHS = "\"Entertainment/Preview Content\"";
				ENABLE_PREVIEWS = YES;
				GENERATE_INFOPLIST_FILE = YES;
				INFOPLIST_KEY_UIApplicationSceneManifest_Generation = YES;
				INFOPLIST_KEY_UIApplicationSupportsIndirectInputEvents = YES;
				INFOPLIST_KEY_UILaunchScreen_Generation = YES;
				INFOPLIST_KEY_UISupportedInterfaceOrientations_iPad = "UIInterfaceOrientationPortrait UIInterfaceOrientationPortraitUpsideDown UIInterfaceOrientationLandscapeLeft UIInterfaceOrientationLandscapeRight";
				INFOPLIST_KEY_UISupportedInterfaceOrientations_iPhone = "UIInterfaceOrientationPortrait UIInterfaceOrientationLandscapeLeft UIInterfaceOrientationLandscapeRight";
				LD_RUNPATH_SEARCH_PATHS = (
					"$(inherited)",
					"@executable_path/Frameworks",
				);
				MARKETING_VERSION = 1.0;
				PRODUCT_BUNDLE_IDENTIFIER = JimHdev.Entertainment;
				PRODUCT_NAME = "$(TARGET_NAME)";
				SWIFT_EMIT_LOC_STRINGS = YES;
				SWIFT_VERSION = 5.0;
				TARGETED_DEVICE_FAMILY = "1,2";
			};
			name = Release;
		};
/* End XCBuildConfiguration section */

/* Begin XCConfigurationList section */
		1A3EFEEA2B52CE5D0000FE0F /* Build configuration list for PBXProject "Entertainment" */ = {
			isa = XCConfigurationList;
			buildConfigurations = (
				1A3EFEFB2B52CE5E0000FE0F /* Debug */,
				1A3EFEFC2B52CE5E0000FE0F /* Release */,
			);
			defaultConfigurationIsVisible = 0;
			defaultConfigurationName = Release;
		};
		1A3EFEFD2B52CE5E0000FE0F /* Build configuration list for PBXNativeTarget "Entertainment" */ = {
			isa = XCConfigurationList;
			buildConfigurations = (
				1A3EFEFE2B52CE5E0000FE0F /* Debug */,
				1A3EFEFF2B52CE5E0000FE0F /* Release */,
			);
			defaultConfigurationIsVisible = 0;
			defaultConfigurationName = Release;
		};
/* End XCConfigurationList section */
	};
	rootObject = 1A3EFEE72B52CE5D0000FE0F /* Project object */;
}
